
Microsoft Visual Studio Solution File, Format Version 12.00
# Visual Studio Version 16
VisualStudioVersion = 16.0.31025.194
MinimumVisualStudioVersion = 10.0.40219.1
Project("{FAE04EC0-301F-11D3-BF4B-00C04F79EFBC}") = "Tailviewer.Normalizer", "src\Tailviewer.Normalizer\Tailviewer.Normalizer.csproj", "{C1AD3058-1F84-4CCE-B287-6D39EF7A0E17}"
EndProject
Project("{FAE04EC0-301F-11D3-BF4B-00C04F79EFBC}") = "Tailviewer.Normalizer.Core", "src\Tailviewer.Normalizer.Core\Tailviewer.Normalizer.Core.csproj", "{5EB6EEEB-2B5E-4F05-A052-44AC55BD67B2}"
EndProject
Project("{FAE04EC0-301F-11D3-BF4B-00C04F79EFBC}") = "Tailviewer.Normalizer.Tests", "src\Tailviewer.Normalizer.Tests\Tailviewer.Normalizer.Tests.csproj", "{103A91C6-D88F-4F12-A845-B330AD54287F}"
EndProject
Project("{2150E333-8FDC-42A3-9474-1A3956D46DE8}") = "Solution Items", "Solution Items", "{670D3978-A9C6-48F4-BFA5-3F565AE07166}"
	ProjectSection(SolutionItems) = preProject
		README.md = README.md
	EndProjectSection
EndProject
Project("{FAE04EC0-301F-11D3-BF4B-00C04F79EFBC}") = "Tailviewer.Normalizer.Systemtests", "src\Tailviewer.Normalizer.Systemtests\Tailviewer.Normalizer.Systemtests.csproj", "{D190A6F5-4F33-4958-9DF8-08FA4132389C}"
EndProject
Global
	GlobalSection(SolutionConfigurationPlatforms) = preSolution
		Debug|Any CPU = Debug|Any CPU
		Release|Any CPU = Release|Any CPU
	EndGlobalSection
	GlobalSection(ProjectConfigurationPlatforms) = postSolution
		{C1AD3058-1F84-4CCE-B287-6D39EF7A0E17}.Debug|Any CPU.ActiveCfg = Debug|Any CPU
		{C1AD3058-1F84-4CCE-B287-6D39EF7A0E17}.Debug|Any CPU.Build.0 = Debug|Any CPU
		{C1AD3058-1F84-4CCE-B287-6D39EF7A0E17}.Release|Any CPU.ActiveCfg = Release|Any CPU
		{C1AD3058-1F84-4CCE-B287-6D39EF7A0E17}.Release|Any CPU.Build.0 = Release|Any CPU
		{5EB6EEEB-2B5E-4F05-A052-44AC55BD67B2}.Debug|Any CPU.ActiveCfg = Debug|Any CPU
		{5EB6EEEB-2B5E-4F05-A052-44AC55BD67B2}.Debug|Any CPU.Build.0 = Debug|Any CPU
		{5EB6EEEB-2B5E-4F05-A052-44AC55BD67B2}.Release|Any CPU.ActiveCfg = Release|Any CPU
		{5EB6EEEB-2B5E-4F05-A052-44AC55BD67B2}.Release|Any CPU.Build.0 = Release|Any CPU
		{103A91C6-D88F-4F12-A845-B330AD54287F}.Debug|Any CPU.ActiveCfg = Debug|Any CPU
		{103A91C6-D88F-4F12-A845-B330AD54287F}.Debug|Any CPU.Build.0 = Debug|Any CPU
		{103A91C6-D88F-4F12-A845-B330AD54287F}.Release|Any CPU.ActiveCfg = Release|Any CPU
		{103A91C6-D88F-4F12-A845-B330AD54287F}.Release|Any CPU.Build.0 = Release|Any CPU
		{D190A6F5-4F33-4958-9DF8-08FA4132389C}.Debug|Any CPU.ActiveCfg = Debug|Any CPU
		{D190A6F5-4F33-4958-9DF8-08FA4132389C}.Debug|Any CPU.Build.0 = Debug|Any CPU
		{D190A6F5-4F33-4958-9DF8-08FA4132389C}.Release|Any CPU.ActiveCfg = Release|Any CPU
		{D190A6F5-4F33-4958-9DF8-08FA4132389C}.Release|Any CPU.Build.0 = Release|Any CPU
	EndGlobalSection
	GlobalSection(SolutionProperties) = preSolution
		HideSolutionNode = FALSE
	EndGlobalSection
	GlobalSection(ExtensibilityGlobals) = postSolution
		SolutionGuid = {D37728DA-1A85-4365-BFF1-40CF2985A1DD}
	EndGlobalSection
EndGlobal
